Microsoft Visual Studio Solution File, Format Version 12.00
# Visual Studio Version 17
VisualStudioVersion = 17.0.31903.59
MinimumVisualStudioVersion = 15.0.26124.0
Project("{D954291E-2A0B-460D-934E-DC6B0785DB48}") = "UnoTest.Shared", "UnoTest.Shared\UnoTest.Shared.shproj", "{6279C845-92F8-4333-AB99-3D213163593C}"
EndProject
Project("{FAE04EC0-301F-11D3-BF4B-00C04F79EFBC}") = "UnoTest.Droid", "UnoTest.Droid\UnoTest.Droid.csproj", "{1FE473EE-4696-4144-BC3C-F99A75884739}"
EndProject
Project("{FAE04EC0-301F-11D3-BF4B-00C04F79EFBC}") = "UnoTest.iOS", "UnoTest.iOS\UnoTest.iOS.csproj", "{5BD98A4B-9647-4577-8005-0463693E62F4}"
EndProject
Project("{FAE04EC0-301F-11D3-BF4B-00C04F79EFBC}") = "UnoTest.Uwp", "UnoTest.UWP\UnoTest.Uwp.csproj", "{E0FD1567-A478-473D-B8E2-F52D3F042B68}"
EndProject
Project("{9A19103F-16F7-4668-BE54-9A1E7A4F7556}") = "UnoTest.Wasm", "UnoTest.Wasm\UnoTest.Wasm.csproj", "{40EA03F7-8A22-4143-B251-79BAC3EB13D2}"
EndProject
Global
	GlobalSection(SharedMSBuildProjectFiles) = preSolution
		UnoTest.Shared\UnoTest.Shared.projitems*{1fe473ee-4696-4144-bc3c-f99a75884739}*SharedItemsImports = 4
		UnoTest.Shared\UnoTest.Shared.projitems*{40ea03f7-8a22-4143-b251-79bac3eb13d2}*SharedItemsImports = 5
		UnoTest.Shared\UnoTest.Shared.projitems*{5bd98a4b-9647-4577-8005-0463693e62f4}*SharedItemsImports = 4
		UnoTest.Shared\UnoTest.Shared.projitems*{6279c845-92f8-4333-ab99-3d213163593c}*SharedItemsImports = 13
		UnoTest.Shared\UnoTest.Shared.projitems*{e0fd1567-a478-473d-b8e2-f52d3f042b68}*SharedItemsImports = 4
	EndGlobalSection
	GlobalSection(SolutionConfigurationPlatforms) = preSolution
		Debug|Any CPU = Debug|Any CPU
		Debug|ARM = Debug|ARM
		Debug|ARM64 = Debug|ARM64
		Debug|iPhone = Debug|iPhone
		Debug|iPhoneSimulator = Debug|iPhoneSimulator
		Debug|x64 = Debug|x64
		Debug|x86 = Debug|x86
		Release|Any CPU = Release|Any CPU
		Release|ARM = Release|ARM
		Release|ARM64 = Release|ARM64
		Release|iPhone = Release|iPhone
		Release|iPhoneSimulator = Release|iPhoneSimulator
		Release|x64 = Release|x64
		Release|x86 = Release|x86
	EndGlobalSection
	GlobalSection(ProjectConfigurationPlatforms) = postSolution
		{1FE473EE-4696-4144-BC3C-F99A75884739}.Debug|Any CPU.ActiveCfg = Debug|Any CPU
		{1FE473EE-4696-4144-BC3C-F99A75884739}.Debug|Any CPU.Build.0 = Debug|Any CPU
		{1FE473EE-4696-4144-BC3C-F99A75884739}.Debug|Any CPU.Deploy.0 = Debug|Any CPU
		{1FE473EE-4696-4144-BC3C-F99A75884739}.Debug|ARM.ActiveCfg = Debug|Any CPU
		{1FE473EE-4696-4144-BC3C-F99A75884739}.Debug|ARM.Build.0 = Debug|Any CPU
		{1FE473EE-4696-4144-BC3C-F99A75884739}.Debug|ARM.Deploy.0 = Debug|Any CPU
		{1FE473EE-4696-4144-BC3C-F99A75884739}.Debug|ARM64.ActiveCfg = Debug|Any CPU
		{1FE473EE-4696-4144-BC3C-F99A75884739}.Debug|ARM64.Build.0 = Debug|Any CPU
		{1FE473EE-4696-4144-BC3C-F99A75884739}.Debug|ARM64.Deploy.0 = Debug|Any CPU
		{1FE473EE-4696-4144-BC3C-F99A75884739}.Debug|iPhone.ActiveCfg = Debug|Any CPU
		{1FE473EE-4696-4144-BC3C-F99A75884739}.Debug|iPhone.Build.0 = Debug|Any CPU
		{1FE473EE-4696-4144-BC3C-F99A75884739}.Debug|iPhone.Deploy.0 = Debug|Any CPU
		{1FE473EE-4696-4144-BC3C-F99A75884739}.Debug|iPhoneSimulator.ActiveCfg = Debug|Any CPU
		{1FE473EE-4696-4144-BC3C-F99A75884739}.Debug|iPhoneSimulator.Build.0 = Debug|Any CPU
		{1FE473EE-4696-4144-BC3C-F99A75884739}.Debug|iPhoneSimulator.Deploy.0 = Debug|Any CPU
		{1FE473EE-4696-4144-BC3C-F99A75884739}.Debug|x64.ActiveCfg = Debug|Any CPU
		{1FE473EE-4696-4144-BC3C-F99A75884739}.Debug|x64.Build.0 = Debug|Any CPU
		{1FE473EE-4696-4144-BC3C-F99A75884739}.Debug|x64.Deploy.0 = Debug|Any CPU
		{1FE473EE-4696-4144-BC3C-F99A75884739}.Debug|x86.ActiveCfg = Debug|Any CPU
		{1FE473EE-4696-4144-BC3C-F99A75884739}.Debug|x86.Build.0 = Debug|Any CPU
		{1FE473EE-4696-4144-BC3C-F99A75884739}.Debug|x86.Deploy.0 = Debug|Any CPU
		{1FE473EE-4696-4144-BC3C-F99A75884739}.Release|Any CPU.ActiveCfg = Release|Any CPU
		{1FE473EE-4696-4144-BC3C-F99A75884739}.Release|Any CPU.Build.0 = Release|Any CPU
		{1FE473EE-4696-4144-BC3C-F99A75884739}.Release|Any CPU.Deploy.0 = Release|Any CPU
		{1FE473EE-4696-4144-BC3C-F99A75884739}.Release|ARM.ActiveCfg = Release|Any CPU
		{1FE473EE-4696-4144-BC3C-F99A75884739}.Release|ARM.Build.0 = Release|Any CPU
		{1FE473EE-4696-4144-BC3C-F99A75884739}.Release|ARM.Deploy.0 = Release|Any CPU
		{1FE473EE-4696-4144-BC3C-F99A75884739}.Release|ARM64.ActiveCfg = Release|Any CPU
		{1FE473EE-4696-4144-BC3C-F99A75884739}.Release|ARM64.Build.0 = Release|Any CPU
		{1FE473EE-4696-4144-BC3C-F99A75884739}.Release|ARM64.Deploy.0 = Release|Any CPU
		{1FE473EE-4696-4144-BC3C-F99A75884739}.Release|iPhone.ActiveCfg = Release|Any CPU
		{1FE473EE-4696-4144-BC3C-F99A75884739}.Release|iPhone.Build.0 = Release|Any CPU
		{1FE473EE-4696-4144-BC3C-F99A75884739}.Release|iPhone.Deploy.0 = Release|Any CPU
		{1FE473EE-4696-4144-BC3C-F99A75884739}.Release|iPhoneSimulator.ActiveCfg = Release|Any CPU
		{1FE473EE-4696-4144-BC3C-F99A75884739}.Release|iPhoneSimulator.Build.0 = Release|Any CPU
		{1FE473EE-4696-4144-BC3C-F99A75884739}.Release|iPhoneSimulator.Deploy.0 = Release|Any CPU
		{1FE473EE-4696-4144-BC3C-F99A75884739}.Release|x64.ActiveCfg = Release|Any CPU
		{1FE473EE-4696-4144-BC3C-F99A75884739}.Release|x64.Build.0 = Release|Any CPU
		{1FE473EE-4696-4144-BC3C-F99A75884739}.Release|x64.Deploy.0 = Release|Any CPU
		{1FE473EE-4696-4144-BC3C-F99A75884739}.Release|x86.ActiveCfg = Release|Any CPU
		{1FE473EE-4696-4144-BC3C-F99A75884739}.Release|x86.Build.0 = Release|Any CPU
		{1FE473EE-4696-4144-BC3C-F99A75884739}.Release|x86.Deploy.0 = Release|Any CPU
		{5BD98A4B-9647-4577-8005-0463693E62F4}.Debug|Any CPU.ActiveCfg = Debug|iPhone
		{5BD98A4B-9647-4577-8005-0463693E62F4}.Debug|Any CPU.Build.0 = Debug|iPhone
		{5BD98A4B-9647-4577-8005-0463693E62F4}.Debug|Any CPU.Deploy.0 = Debug|iPhone
		{5BD98A4B-9647-4577-8005-0463693E62F4}.Debug|ARM.ActiveCfg = Debug|iPhone
		{5BD98A4B-9647-4577-8005-0463693E62F4}.Debug|ARM64.ActiveCfg = Debug|iPhone
		{5BD98A4B-9647-4577-8005-0463693E62F4}.Debug|iPhone.ActiveCfg = Debug|iPhone
		{5BD98A4B-9647-4577-8005-0463693E62F4}.Debug|iPhone.Build.0 = Debug|iPhone
		{5BD98A4B-9647-4577-8005-0463693E62F4}.Debug|iPhoneSimulator.ActiveCfg = Debug|iPhoneSimulator
		{5BD98A4B-9647-4577-8005-0463693E62F4}.Debug|iPhoneSimulator.Build.0 = Debug|iPhoneSimulator
		{5BD98A4B-9647-4577-8005-0463693E62F4}.Debug|x64.ActiveCfg = Debug|iPhone
		{5BD98A4B-9647-4577-8005-0463693E62F4}.Debug|x64.Build.0 = Debug|iPhone
		{5BD98A4B-9647-4577-8005-0463693E62F4}.Debug|x64.Deploy.0 = Debug|iPhone
		{5BD98A4B-9647-4577-8005-0463693E62F4}.Debug|x86.ActiveCfg = Debug|iPhoneSimulator
		{5BD98A4B-9647-4577-8005-0463693E62F4}.Debug|x86.Build.0 = Debug|iPhoneSimulator
		{5BD98A4B-9647-4577-8005-0463693E62F4}.Debug|x86.Deploy.0 = Debug|iPhoneSimulator
		{5BD98A4B-9647-4577-8005-0463693E62F4}.Release|Any CPU.ActiveCfg = Release|iPhone
		{5BD98A4B-9647-4577-8005-0463693E62F4}.Release|ARM.ActiveCfg = Release|iPhone
		{5BD98A4B-9647-4577-8005-0463693E62F4}.Release|ARM64.ActiveCfg = Release|iPhone
		{5BD98A4B-9647-4577-8005-0463693E62F4}.Release|iPhone.ActiveCfg = Release|iPhone
		{5BD98A4B-9647-4577-8005-0463693E62F4}.Release|iPhone.Build.0 = Release|iPhone
		{5BD98A4B-9647-4577-8005-0463693E62F4}.Release|iPhoneSimulator.ActiveCfg = Release|iPhoneSimulator
		{5BD98A4B-9647-4577-8005-0463693E62F4}.Release|iPhoneSimulator.Build.0 = Release|iPhoneSimulator
		{5BD98A4B-9647-4577-8005-0463693E62F4}.Release|x64.ActiveCfg = Release|iPhoneSimulator
		{5BD98A4B-9647-4577-8005-0463693E62F4}.Release|x64.Build.0 = Release|iPhoneSimulator
		{5BD98A4B-9647-4577-8005-0463693E62F4}.Release|x64.Deploy.0 = Release|iPhoneSimulator
		{5BD98A4B-9647-4577-8005-0463693E62F4}.Release|x86.ActiveCfg = Release|iPhoneSimulator
		{5BD98A4B-9647-4577-8005-0463693E62F4}.Release|x86.Build.0 = Release|iPhoneSimulator
		{E0FD1567-A478-473D-B8E2-F52D3F042B68}.Debug|Any CPU.ActiveCfg = Debug|x86
		{E0FD1567-A478-473D-B8E2-F52D3F042B68}.Debug|Any CPU.Build.0 = Debug|x86
		{E0FD1567-A478-473D-B8E2-F52D3F042B68}.Debug|Any CPU.Deploy.0 = Debug|x86
		{E0FD1567-A478-473D-B8E2-F52D3F042B68}.Debug|ARM.ActiveCfg = Debug|ARM
		{E0FD1567-A478-473D-B8E2-F52D3F042B68}.Debug|ARM.Build.0 = Debug|ARM
		{E0FD1567-A478-473D-B8E2-F52D3F042B68}.Debug|ARM.Deploy.0 = Debug|ARM
		{E0FD1567-A478-473D-B8E2-F52D3F042B68}.Debug|ARM64.ActiveCfg = Debug|ARM64
		{E0FD1567-A478-473D-B8E2-F52D3F042B68}.Debug|ARM64.Build.0 = Debug|ARM64
		{E0FD1567-A478-473D-B8E2-F52D3F042B68}.Debug|ARM64.Deploy.0 = Debug|ARM64
		{E0FD1567-A478-473D-B8E2-F52D3F042B68}.Debug|iPhone.ActiveCfg = Debug|x86
		{E0FD1567-A478-473D-B8E2-F52D3F042B68}.Debug|iPhone.Build.0 = Debug|x86
		{E0FD1567-A478-473D-B8E2-F52D3F042B68}.Debug|iPhone.Deploy.0 = Debug|x86
		{E0FD1567-A478-473D-B8E2-F52D3F042B68}.Debug|iPhoneSimulator.ActiveCfg = Debug|x86
		{E0FD1567-A478-473D-B8E2-F52D3F042B68}.Debug|iPhoneSimulator.Build.0 = Debug|x86
		{E0FD1567-A478-473D-B8E2-F52D3F042B68}.Debug|iPhoneSimulator.Deploy.0 = Debug|x86
		{E0FD1567-A478-473D-B8E2-F52D3F042B68}.Debug|x64.ActiveCfg = Debug|x64
		{E0FD1567-A478-473D-B8E2-F52D3F042B68}.Debug|x64.Build.0 = Debug|x64
		{E0FD1567-A478-473D-B8E2-F52D3F042B68}.Debug|x64.Deploy.0 = Debug|x64
		{E0FD1567-A478-473D-B8E2-F52D3F042B68}.Debug|x86.ActiveCfg = Debug|x86
		{E0FD1567-A478-473D-B8E2-F52D3F042B68}.Debug|x86.Build.0 = Debug|x86
		{E0FD1567-A478-473D-B8E2-F52D3F042B68}.Debug|x86.Deploy.0 = Debug|x86
		{E0FD1567-A478-473D-B8E2-F52D3F042B68}.Release|Any CPU.ActiveCfg = Release|x86
		{E0FD1567-A478-473D-B8E2-F52D3F042B68}.Release|ARM.ActiveCfg = Release|ARM
		{E0FD1567-A478-473D-B8E2-F52D3F042B68}.Release|ARM.Build.0 = Release|ARM
		{E0FD1567-A478-473D-B8E2-F52D3F042B68}.Release|ARM.Deploy.0 = Release|ARM
		{E0FD1567-A478-473D-B8E2-F52D3F042B68}.Release|ARM64.ActiveCfg = Release|ARM64
		{E0FD1567-A478-473D-B8E2-F52D3F042B68}.Release|ARM64.Build.0 = Release|ARM64
		{E0FD1567-A478-473D-B8E2-F52D3F042B68}.Release|ARM64.Deploy.0 = Release|ARM64
		{E0FD1567-A478-473D-B8E2-F52D3F042B68}.Release|iPhone.ActiveCfg = Release|x86
		{E0FD1567-A478-473D-B8E2-F52D3F042B68}.Release|iPhone.Build.0 = Release|x86
		{E0FD1567-A478-473D-B8E2-F52D3F042B68}.Release|iPhoneSimulator.ActiveCfg = Release|x86
		{E0FD1567-A478-473D-B8E2-F52D3F042B68}.Release|iPhoneSimulator.Build.0 = Release|x86
		{E0FD1567-A478-473D-B8E2-F52D3F042B68}.Release|iPhoneSimulator.Deploy.0 = Release|x86
		{E0FD1567-A478-473D-B8E2-F52D3F042B68}.Release|x64.ActiveCfg = Release|x64
		{E0FD1567-A478-473D-B8E2-F52D3F042B68}.Release|x64.Build.0 = Release|x64
		{E0FD1567-A478-473D-B8E2-F52D3F042B68}.Release|x64.Deploy.0 = Release|x64
		{E0FD1567-A478-473D-B8E2-F52D3F042B68}.Release|x86.ActiveCfg = Release|x86
		{E0FD1567-A478-473D-B8E2-F52D3F042B68}.Release|x86.Build.0 = Release|x86
		{E0FD1567-A478-473D-B8E2-F52D3F042B68}.Release|x86.Deploy.0 = Release|x86
		{40EA03F7-8A22-4143-B251-79BAC3EB13D2}.Debug|Any CPU.ActiveCfg = Debug|Any CPU
		{40EA03F7-8A22-4143-B251-79BAC3EB13D2}.Debug|Any CPU.Build.0 = Debug|Any CPU
		{40EA03F7-8A22-4143-B251-79BAC3EB13D2}.Debug|ARM.ActiveCfg = Debug|Any CPU
		{40EA03F7-8A22-4143-B251-79BAC3EB13D2}.Debug|ARM.Build.0 = Debug|Any CPU
		{40EA03F7-8A22-4143-B251-79BAC3EB13D2}.Debug|ARM64.ActiveCfg = Debug|Any CPU
		{40EA03F7-8A22-4143-B251-79BAC3EB13D2}.Debug|ARM64.Build.0 = Debug|Any CPU
		{40EA03F7-8A22-4143-B251-79BAC3EB13D2}.Debug|iPhone.ActiveCfg = Debug|Any CPU
		{40EA03F7-8A22-4143-B251-79BAC3EB13D2}.Debug|iPhone.Build.0 = Debug|Any CPU
		{40EA03F7-8A22-4143-B251-79BAC3EB13D2}.Debug|iPhoneSimulator.ActiveCfg = Debug|Any CPU
		{40EA03F7-8A22-4143-B251-79BAC3EB13D2}.Debug|iPhoneSimulator.Build.0 = Debug|Any CPU
		{40EA03F7-8A22-4143-B251-79BAC3EB13D2}.Debug|x64.ActiveCfg = Debug|Any CPU
		{40EA03F7-8A22-4143-B251-79BAC3EB13D2}.Debug|x64.Build.0 = Debug|Any CPU
		{40EA03F7-8A22-4143-B251-79BAC3EB13D2}.Debug|x86.ActiveCfg = Debug|Any CPU
		{40EA03F7-8A22-4143-B251-79BAC3EB13D2}.Debug|x86.Build.0 = Debug|Any CPU
		{40EA03F7-8A22-4143-B251-79BAC3EB13D2}.Release|Any CPU.ActiveCfg = Release|Any CPU
		{40EA03F7-8A22-4143-B251-79BAC3EB13D2}.Release|Any CPU.Build.0 = Release|Any CPU
		{40EA03F7-8A22-4143-B251-79BAC3EB13D2}.Release|ARM.ActiveCfg = Release|Any CPU
		{40EA03F7-8A22-4143-B251-79BAC3EB13D2}.Release|ARM.Build.0 = Release|Any CPU
		{40EA03F7-8A22-4143-B251-79BAC3EB13D2}.Release|ARM64.ActiveCfg = Release|Any CPU
		{40EA03F7-8A22-4143-B251-79BAC3EB13D2}.Release|ARM64.Build.0 = Release|Any CPU
		{40EA03F7-8A22-4143-B251-79BAC3EB13D2}.Release|iPhone.ActiveCfg = Release|Any CPU
		{40EA03F7-8A22-4143-B251-79BAC3EB13D2}.Release|iPhone.Build.0 = Release|Any CPU
		{40EA03F7-8A22-4143-B251-79BAC3EB13D2}.Release|iPhoneSimulator.ActiveCfg = Release|Any CPU
		{40EA03F7-8A22-4143-B251-79BAC3EB13D2}.Release|iPhoneSimulator.Build.0 = Release|Any CPU
		{40EA03F7-8A22-4143-B251-79BAC3EB13D2}.Release|x64.ActiveCfg = Release|Any CPU
		{40EA03F7-8A22-4143-B251-79BAC3EB13D2}.Release|x64.Build.0 = Release|Any CPU
		{40EA03F7-8A22-4143-B251-79BAC3EB13D2}.Release|x86.ActiveCfg = Release|Any CPU
		{40EA03F7-8A22-4143-B251-79BAC3EB13D2}.Release|x86.Build.0 = Release|Any CPU
	EndGlobalSection
	GlobalSection(SolutionProperties) = preSolution
		HideSolutionNode = FALSE
	EndGlobalSection
	GlobalSection(ExtensibilityGlobals) = postSolution
		SolutionGuid = {C7433AE2-B1A0-4C1A-887E-5CAA7AAF67A6}
	EndGlobalSection
EndGlobal
